
Microsoft Visual Studio Solution File, Format Version 12.00
# Visual Studio Version 16
VisualStudioVersion = 16.0.30128.74
MinimumVisualStudioVersion = 10.0.40219.1
Project("{FAE04EC0-301F-11D3-BF4B-00C04F79EFBC}") = "OctopusDeployConfigTransformer", "OctopusDeployConfigTransformer.csproj", "{93589AB3-C8E0-4536-AC93-CBFFE8AB71DC}"
EndProject
Project("{FAE04EC0-301F-11D3-BF4B-00C04F79EFBC}") = "OctoClientWrapper", "..\OctoClientWrapper\OctoClientWrapper.csproj", "{BD696CB9-EB62-4B84-9220-7B2752447135}"
EndProject
Global
	GlobalSection(SolutionConfigurationPlatforms) = preSolution
		Debug|Any CPU = Debug|Any CPU
		Release|Any CPU = Release|Any CPU
	EndGlobalSection
	GlobalSection(ProjectConfigurationPlatforms) = postSolution
		{93589AB3-C8E0-4536-AC93-CBFFE8AB71DC}.Debug|Any CPU.ActiveCfg = Debug|Any CPU
		{93589AB3-C8E0-4536-AC93-CBFFE8AB71DC}.Debug|Any CPU.Build.0 = Debug|Any CPU
		{93589AB3-C8E0-4536-AC93-CBFFE8AB71DC}.Release|Any CPU.ActiveCfg = Release|Any CPU
		{93589AB3-C8E0-4536-AC93-CBFFE8AB71DC}.Release|Any CPU.Build.0 = Release|Any CPU
		{BD696CB9-EB62-4B84-9220-7B2752447135}.Debug|Any CPU.ActiveCfg = Debug|Any CPU
		{BD696CB9-EB62-4B84-9220-7B2752447135}.Debug|Any CPU.Build.0 = Debug|Any CPU
		{BD696CB9-EB62-4B84-9220-7B2752447135}.Release|Any CPU.ActiveCfg = Release|Any CPU
		{BD696CB9-EB62-4B84-9220-7B2752447135}.Release|Any CPU.Build.0 = Release|Any CPU
	EndGlobalSection
	GlobalSection(SolutionProperties) = preSolution
		HideSolutionNode = FALSE
	EndGlobalSection
	GlobalSection(ExtensibilityGlobals) = postSolution
		SolutionGuid = {63330513-B9A9-4FD0-BAA3-AA1E6AA82D74}
	EndGlobalSection
EndGlobal
